
Microsoft Visual Studio Solution File, Format Version 12.00
# Visual Studio 15
VisualStudioVersion = 15.0.28307.329
MinimumVisualStudioVersion = 10.0.40219.1
Project("{FAE04EC0-301F-11D3-BF4B-00C04F79EFBC}") = "FinalWPF", "FinalWPF\FinalWPF.csproj", "{E7E220C2-0F56-4E45-AEE0-060E559162AE}"
EndProject
Project("{FAE04EC0-301F-11D3-BF4B-00C04F79EFBC}") = "MVVMFinalWPF.DAL", "MVVMFinalWPF.DAL\MVVMFinalWPF.DAL.csproj", "{991001B3-644D-473F-9948-4C3CBEEFB7B1}"
EndProject
Project("{FAE04EC0-301F-11D3-BF4B-00C04F79EFBC}") = "MVVMFinalWPF.BLL", "MVVMFinalWPF.BLL\MVVMFinalWPF.BLL.csproj", "{A05EFCB2-4C78-4968-A496-049D29614FA7}"
EndProject
Global
	GlobalSection(SolutionConfigurationPlatforms) = preSolution
		Debug|Any CPU = Debug|Any CPU
		Release|Any CPU = Release|Any CPU
	EndGlobalSection
	GlobalSection(ProjectConfigurationPlatforms) = postSolution
		{E7E220C2-0F56-4E45-AEE0-060E559162AE}.Debug|Any CPU.ActiveCfg = Debug|Any CPU
		{E7E220C2-0F56-4E45-AEE0-060E559162AE}.Debug|Any CPU.Build.0 = Debug|Any CPU
		{E7E220C2-0F56-4E45-AEE0-060E559162AE}.Release|Any CPU.ActiveCfg = Debug|Any CPU
		{E7E220C2-0F56-4E45-AEE0-060E559162AE}.Release|Any CPU.Build.0 = Debug|Any CPU
		{991001B3-644D-473F-9948-4C3CBEEFB7B1}.Debug|Any CPU.ActiveCfg = Debug|Any CPU
		{991001B3-644D-473F-9948-4C3CBEEFB7B1}.Debug|Any CPU.Build.0 = Debug|Any CPU
		{991001B3-644D-473F-9948-4C3CBEEFB7B1}.Release|Any CPU.ActiveCfg = Release|Any CPU
		{991001B3-644D-473F-9948-4C3CBEEFB7B1}.Release|Any CPU.Build.0 = Release|Any CPU
		{A05EFCB2-4C78-4968-A496-049D29614FA7}.Debug|Any CPU.ActiveCfg = Debug|Any CPU
		{A05EFCB2-4C78-4968-A496-049D29614FA7}.Debug|Any CPU.Build.0 = Debug|Any CPU
		{A05EFCB2-4C78-4968-A496-049D29614FA7}.Release|Any CPU.ActiveCfg = Release|Any CPU
		{A05EFCB2-4C78-4968-A496-049D29614FA7}.Release|Any CPU.Build.0 = Release|Any CPU
	EndGlobalSection
	GlobalSection(SolutionProperties) = preSolution
		HideSolutionNode = FALSE
	EndGlobalSection
	GlobalSection(ExtensibilityGlobals) = postSolution
		SolutionGuid = {0FFD3A42-202A-42B5-A2C3-76AE3F29223B}
	EndGlobalSection
EndGlobal
